// !$*UTF8*$!
{
	archiveVersion = 1;
	classes = {
	};
	objectVersion = 46;
	objects = {

/* Begin PBXBuildFile section */
		7B2C1D131683543D00542AC1 /* Default-568h@2x.png in Resources */ = {isa = PBXBuildFile; fileRef = 7B2C1D121683543D00542AC1 /* Default-568h@2x.png */; };
		7B2C1D1A1683544700542AC1 /* MHTabBarActiveTab.png in Resources */ = {isa = PBXBuildFile; fileRef = 7B2C1D141683544700542AC1 /* MHTabBarActiveTab.png */; };
		7B2C1D1B1683544700542AC1 /* MHTabBarActiveTab@2x.png in Resources */ = {isa = PBXBuildFile; fileRef = 7B2C1D151683544700542AC1 /* MHTabBarActiveTab@2x.png */; };
		7B2C1D1C1683544700542AC1 /* MHTabBarInactiveTab.png in Resources */ = {isa = PBXBuildFile; fileRef = 7B2C1D161683544700542AC1 /* MHTabBarInactiveTab.png */; };
		7B2C1D1D1683544700542AC1 /* MHTabBarInactiveTab@2x.png in Resources */ = {isa = PBXBuildFile; fileRef = 7B2C1D171683544700542AC1 /* MHTabBarInactiveTab@2x.png */; };
		7B2C1D1E1683544700542AC1 /* MHTabBarIndicator.png in Resources */ = {isa = PBXBuildFile; fileRef = 7B2C1D181683544700542AC1 /* MHTabBarIndicator.png */; };
		7B2C1D1F1683544700542AC1 /* MHTabBarIndicator@2x.png in Resources */ = {isa = PBXBuildFile; fileRef = 7B2C1D191683544700542AC1 /* MHTabBarIndicator@2x.png */; };
		7B5C62CC168242E9005C3BD4 /* MHTabBarController.m in Sources */ = {isa = PBXBuildFile; fileRef = 7B5C62CB168242E9005C3BD4 /* MHTabBarController.m */; };
		7BCE96EF1469751600135C63 /* UIKit.framework in Frameworks */ = {isa = PBXBuildFile; fileRef = 7BCE96EE1469751600135C63 /* UIKit.framework */; };
		7BCE96F11469751600135C63 /* Foundation.framework in Frameworks */ = {isa = PBXBuildFile; fileRef = 7BCE96F01469751600135C63 /* Foundation.framework */; };
		7BCE96F31469751600135C63 /* CoreGraphics.framework in Frameworks */ = {isa = PBXBuildFile; fileRef = 7BCE96F21469751600135C63 /* CoreGraphics.framework */; };
		7BCE96F91469751600135C63 /* InfoPlist.strings in Resources */ = {isa = PBXBuildFile; fileRef = 7BCE96F71469751600135C63 /* InfoPlist.strings */; };
		7BCE96FB1469751600135C63 /* main.m in Sources */ = {isa = PBXBuildFile; fileRef = 7BCE96FA1469751600135C63 /* main.m */; };
		7BCE96FF1469751600135C63 /* AppDelegate.m in Sources */ = {isa = PBXBuildFile; fileRef = 7BCE96FE1469751600135C63 /* AppDelegate.m */; };
		7BCE970D146975EA00135C63 /* ListViewController.m in Sources */ = {isa = PBXBuildFile; fileRef = 7BCE970C146975EA00135C63 /* ListViewController.m */; };
/* End PBXBuildFile section */

/* Begin PBXFileReference section */
		7B2C1D121683543D00542AC1 /* Default-568h@2x.png */ = {isa = PBXFileReference; lastKnownFileType = image.png; path = "Default-568h@2x.png"; sourceTree = "<group>"; };
		7B2C1D141683544700542AC1 /* MHTabBarActiveTab.png */ = {isa = PBXFileReference; lastKnownFileType = image.png; name = MHTabBarActiveTab.png; path = MHTabBarController/MHTabBarActiveTab.png; sourceTree = SOURCE_ROOT; };
		7B2C1D151683544700542AC1 /* MHTabBarActiveTab@2x.png */ = {isa = PBXFileReference; lastKnownFileType = image.png; name = "MHTabBarActiveTab@2x.png"; path = "MHTabBarController/MHTabBarActiveTab@2x.png"; sourceTree = SOURCE_ROOT; };
		7B2C1D161683544700542AC1 /* MHTabBarInactiveTab.png */ = {isa = PBXFileReference; lastKnownFileType = image.png; name = MHTabBarInactiveTab.png; path = MHTabBarController/MHTabBarInactiveTab.png; sourceTree = SOURCE_ROOT; };
		7B2C1D171683544700542AC1 /* MHTabBarInactiveTab@2x.png */ = {isa = PBXFileReference; lastKnownFileType = image.png; name = "MHTabBarInactiveTab@2x.png"; path = "MHTabBarController/MHTabBarInactiveTab@2x.png"; sourceTree = SOURCE_ROOT; };
		7B2C1D181683544700542AC1 /* MHTabBarIndicator.png */ = {isa = PBXFileReference; lastKnownFileType = image.png; name = MHTabBarIndicator.png; path = MHTabBarController/MHTabBarIndicator.png; sourceTree = SOURCE_ROOT; };
		7B2C1D191683544700542AC1 /* MHTabBarIndicator@2x.png */ = {isa = PBXFileReference; lastKnownFileType = image.png; name = "MHTabBarIndicator@2x.png"; path = "MHTabBarController/MHTabBarIndicator@2x.png"; sourceTree = SOURCE_ROOT; };
		7B5C62CA168242E9005C3BD4 /* MHTabBarController.h */ = {isa = PBXFileReference; fileEncoding = 4; lastKnownFileType = sourcecode.c.h; name = MHTabBarController.h; path = MHTabBarController/MHTabBarController.h; sourceTree = SOURCE_ROOT; };
		7B5C62CB168242E9005C3BD4 /* MHTabBarController.m */ = {isa = PBXFileReference; fileEncoding = 4; lastKnownFileType = sourcecode.c.objc; name = MHTabBarController.m; path = MHTabBarController/MHTabBarController.m; sourceTree = SOURCE_ROOT; };
		7BCE96EA1469751600135C63 /* Demo.app */ = {isa = PBXFileReference; explicitFileType = wrapper.application; includeInIndex = 0; path = Demo.app; sourceTree = BUILT_PRODUCTS_DIR; };
		7BCE96EE1469751600135C63 /* UIKit.framework */ = {isa = PBXFileReference; lastKnownFileType = wrapper.framework; name = UIKit.framework; path = System/Library/Frameworks/UIKit.framework; sourceTree = SDKROOT; };
		7BCE96F01469751600135C63 /* Foundation.framework */ = {isa = PBXFileReference; lastKnownFileType = wrapper.framework; name = Foundation.framework; path = System/Library/Frameworks/Foundation.framework; sourceTree = SDKROOT; };
		7BCE96F21469751600135C63 /* CoreGraphics.framework */ = {isa = PBXFileReference; lastKnownFileType = wrapper.framework; name = CoreGraphics.framework; path = System/Library/Frameworks/CoreGraphics.framework; sourceTree = SDKROOT; };
		7BCE96F61469751600135C63 /* Demo-Info.plist */ = {isa = PBXFileReference; lastKnownFileType = text.plist.xml; path = "Demo-Info.plist"; sourceTree = "<group>"; };
		7BCE96F81469751600135C63 /* en */ = {isa = PBXFileReference; lastKnownFileType = text.plist.strings; name = en; path = en.lproj/InfoPlist.strings; sourceTree = "<group>"; };
		7BCE96FA1469751600135C63 /* main.m */ = {isa = PBXFileReference; lastKnownFileType = sourcecode.c.objc; path = main.m; sourceTree = "<group>"; };
		7BCE96FC1469751600135C63 /* Demo-Prefix.pch */ = {isa = PBXFileReference; lastKnownFileType = sourcecode.c.h; path = "Demo-Prefix.pch"; sourceTree = "<group>"; };
		7BCE96FD1469751600135C63 /* AppDelegate.h */ = {isa = PBXFileReference; lastKnownFileType = sourcecode.c.h; path = AppDelegate.h; sourceTree = "<group>"; };
		7BCE96FE1469751600135C63 /* AppDelegate.m */ = {isa = PBXFileReference; lastKnownFileType = sourcecode.c.objc; path = AppDelegate.m; sourceTree = "<group>"; };
		7BCE970B146975EA00135C63 /* ListViewController.h */ = {isa = PBXFileReference; fileEncoding = 4; lastKnownFileType = sourcecode.c.h; path = ListViewController.h; sourceTree = "<group>"; };
		7BCE970C146975EA00135C63 /* ListViewController.m */ = {isa = PBXFileReference; fileEncoding = 4; lastKnownFileType = sourcecode.c.objc; path = ListViewController.m; sourceTree = "<group>"; };
/* End PBXFileReference section */

/* Begin PBXFrameworksBuildPhase section */
		7BCE96E71469751600135C63 /* Frameworks */ = {
			isa = PBXFrameworksBuildPhase;
			buildActionMask = 2147483647;
			files = (
				7BCE96EF1469751600135C63 /* UIKit.framework in Frameworks */,
				7BCE96F11469751600135C63 /* Foundation.framework in Frameworks */,
				7BCE96F31469751600135C63 /* CoreGraphics.framework in Frameworks */,
			);
			runOnlyForDeploymentPostprocessing = 0;
		};
/* End PBXFrameworksBuildPhase section */

/* Begin PBXGroup section */
		7B5C62C9168242DC005C3BD4 /* MHTabBarController */ = {
			isa = PBXGroup;
			children = (
				7B5C62CA168242E9005C3BD4 /* MHTabBarController.h */,
				7B5C62CB168242E9005C3BD4 /* MHTabBarController.m */,
				7B2C1D141683544700542AC1 /* MHTabBarActiveTab.png */,
				7B2C1D151683544700542AC1 /* MHTabBarActiveTab@2x.png */,
				7B2C1D161683544700542AC1 /* MHTabBarInactiveTab.png */,
				7B2C1D171683544700542AC1 /* MHTabBarInactiveTab@2x.png */,
				7B2C1D181683544700542AC1 /* MHTabBarIndicator.png */,
				7B2C1D191683544700542AC1 /* MHTabBarIndicator@2x.png */,
			);
			name = MHTabBarController;
			path = Demo;
			sourceTree = "<group>";
		};
		7BCE96DF1469751600135C63 = {
			isa = PBXGroup;
			children = (
				7B5C62C9168242DC005C3BD4 /* MHTabBarController */,
				7BCE96F41469751600135C63 /* Demo */,
				7BCE96ED1469751600135C63 /* Frameworks */,
				7BCE96EB1469751600135C63 /* Products */,
			);
			sourceTree = "<group>";
		};
		7BCE96EB1469751600135C63 /* Products */ = {
			isa = PBXGroup;
			children = (
				7BCE96EA1469751600135C63 /* Demo.app */,
			);
			name = Products;
			sourceTree = "<group>";
		};
		7BCE96ED1469751600135C63 /* Frameworks */ = {
			isa = PBXGroup;
			children = (
				7BCE96EE1469751600135C63 /* UIKit.framework */,
				7BCE96F01469751600135C63 /* Foundation.framework */,
				7BCE96F21469751600135C63 /* CoreGraphics.framework */,
			);
			name = Frameworks;
			sourceTree = "<group>";
		};
		7BCE96F41469751600135C63 /* Demo */ = {
			isa = PBXGroup;
			children = (
				7BCE96FD1469751600135C63 /* AppDelegate.h */,
				7BCE96FE1469751600135C63 /* AppDelegate.m */,
				7BCE970B146975EA00135C63 /* ListViewController.h */,
				7BCE970C146975EA00135C63 /* ListViewController.m */,
				7BCE96F51469751600135C63 /* Supporting Files */,
			);
			path = Demo;
			sourceTree = "<group>";
		};
		7BCE96F51469751600135C63 /* Supporting Files */ = {
			isa = PBXGroup;
			children = (
				7B2C1D121683543D00542AC1 /* Default-568h@2x.png */,
				7BCE96F61469751600135C63 /* Demo-Info.plist */,
				7BCE96FC1469751600135C63 /* Demo-Prefix.pch */,
				7BCE96F71469751600135C63 /* InfoPlist.strings */,
				7BCE96FA1469751600135C63 /* main.m */,
			);
			name = "Supporting Files";
			sourceTree = "<group>";
		};
/* End PBXGroup section */

/* Begin PBXNativeTarget section */
		7BCE96E91469751600135C63 /* Demo */ = {
			isa = PBXNativeTarget;
			buildConfigurationList = 7BCE97081469751600135C63 /* Build configuration list for PBXNativeTarget "Demo" */;
			buildPhases = (
				7BCE96E61469751600135C63 /* Sources */,
				7BCE96E71469751600135C63 /* Frameworks */,
				7BCE96E81469751600135C63 /* Resources */,
			);
			buildRules = (
			);
			dependencies = (
			);
			name = Demo;
			productName = Demo;
			productReference = 7BCE96EA1469751600135C63 /* Demo.app */;
			productType = "com.apple.product-type.application";
		};
/* End PBXNativeTarget section */

/* Begin PBXProject section */
		7BCE96E11469751600135C63 /* Project object */ = {
			isa = PBXProject;
			attributes = {
				LastUpgradeCheck = 0450;
				ORGANIZATIONNAME = Hollance;
			};
			buildConfigurationList = 7BCE96E41469751600135C63 /* Build configuration list for PBXProject "Demo" */;
			compatibilityVersion = "Xcode 3.2";
			developmentRegion = English;
			hasScannedForEncodings = 0;
			knownRegions = (
				en,
			);
			mainGroup = 7BCE96DF1469751600135C63;
			productRefGroup = 7BCE96EB1469751600135C63 /* Products */;
			projectDirPath = "";
			projectRoot = "";
			targets = (
				7BCE96E91469751600135C63 /* Demo */,
			);
		};
/* End PBXProject section */

/* Begin PBXResourcesBuildPhase section */
		7BCE96E81469751600135C63 /* Resources */ = {
			isa = PBXResourcesBuildPhase;
			buildActionMask = 2147483647;
			files = (
				7BCE96F91469751600135C63 /* InfoPlist.strings in Resources */,
				7B2C1D131683543D00542AC1 /* Default-568h@2x.png in Resources */,
				7B2C1D1A1683544700542AC1 /* MHTabBarActiveTab.png in Resources */,
				7B2C1D1B1683544700542AC1 /* MHTabBarActiveTab@2x.png in Resources */,
				7B2C1D1C1683544700542AC1 /* MHTabBarInactiveTab.png in Resources */,
				7B2C1D1D1683544700542AC1 /* MHTabBarInactiveTab@2x.png in Resources */,
				7B2C1D1E1683544700542AC1 /* MHTabBarIndicator.png in Resources */,
				7B2C1D1F1683544700542AC1 /* MHTabBarIndicator@2x.png in Resources */,
			);
			runOnlyForDeploymentPostprocessing = 0;
		};
/* End PBXResourcesBuildPhase section */

/* Begin PBXSourcesBuildPhase section */
		7BCE96E61469751600135C63 /* Sources */ = {
			isa = PBXSourcesBuildPhase;
			buildActionMask = 2147483647;
			files = (
				7BCE96FB1469751600135C63 /* main.m in Sources */,
				7BCE96FF1469751600135C63 /* AppDelegate.m in Sources */,
				7BCE970D146975EA00135C63 /* ListViewController.m in Sources */,
				7B5C62CC168242E9005C3BD4 /* MHTabBarController.m in Sources */,
			);
			runOnlyForDeploymentPostprocessing = 0;
		};
/* End PBXSourcesBuildPhase section */

/* Begin PBXVariantGroup section */
		7BCE96F71469751600135C63 /* InfoPlist.strings */ = {
			isa = PBXVariantGroup;
			children = (
				7BCE96F81469751600135C63 /* en */,
			);
			name = InfoPlist.strings;
			sourceTree = "<group>";
		};
/* End PBXVariantGroup section */

/* Begin XCBuildConfiguration section */
		7BCE97061469751600135C63 /* Debug */ = {
			isa = XCBuildConfiguration;
			buildSettings = {
				ALWAYS_SEARCH_USER_PATHS = NO;
				ARCHS = "$(ARCHS_STANDARD_32_BIT)";
				CLANG_ENABLE_OBJC_ARC = YES;
				"CODE_SIGN_IDENTITY[sdk=iphoneos*]" = "iPhone Developer";
				COPY_PHASE_STRIP = NO;
				GCC_C_LANGUAGE_STANDARD = gnu99;
				GCC_DYNAMIC_NO_PIC = NO;
				GCC_OPTIMIZATION_LEVEL = 0;
				GCC_PREPROCESSOR_DEFINITIONS = (
					"DEBUG=1",
					"$(inherited)",
				);
				GCC_SYMBOLS_PRIVATE_EXTERN = NO;
				GCC_VERSION = com.apple.compilers.llvm.clang.1_0;
				GCC_WARN_ABOUT_MISSING_PROTOTYPES = YES;
				GCC_WARN_ABOUT_RETURN_TYPE = YES;
				GCC_WARN_UNUSED_VARIABLE = YES;
				IPHONEOS_DEPLOYMENT_TARGET = 5.0;
				SDKROOT = iphoneos;
			};
			name = Debug;
		};
		7BCE97071469751600135C63 /* Release */ = {
			isa = XCBuildConfiguration;
			buildSettings = {
				ALWAYS_SEARCH_USER_PATHS = NO;
				ARCHS = "$(ARCHS_STANDARD_32_BIT)";
				CLANG_ENABLE_OBJC_ARC = YES;
				"CODE_SIGN_IDENTITY[sdk=iphoneos*]" = "iPhone Developer";
				COPY_PHASE_STRIP = YES;
				GCC_C_LANGUAGE_STANDARD = gnu99;
				GCC_VERSION = com.apple.compilers.llvm.clang.1_0;
				GCC_WARN_ABOUT_MISSING_PROTOTYPES = YES;
				GCC_WARN_ABOUT_RETURN_TYPE = YES;
				GCC_WARN_UNUSED_VARIABLE = YES;
				IPHONEOS_DEPLOYMENT_TARGET = 5.0;
				OTHER_CFLAGS = "-DNS_BLOCK_ASSERTIONS=1";
				SDKROOT = iphoneos;
				VALIDATE_PRODUCT = YES;
			};
			name = Release;
		};
		7BCE97091469751600135C63 /* Debug */ = {
			isa = XCBuildConfiguration;
			buildSettings = {
				GCC_PRECOMPILE_PREFIX_HEADER = YES;
				GCC_PREFIX_HEADER = "Demo/Demo-Prefix.pch";
				INFOPLIST_FILE = "Demo/Demo-Info.plist";
				PRODUCT_NAME = "$(TARGET_NAME)";
				RUN_CLANG_STATIC_ANALYZER = YES;
				WARNING_CFLAGS = (
					"-Wall",
					"-Wextra",
					"-Wno-unused-parameter",
				);
				WRAPPER_EXTENSION = app;
			};
			name = Debug;
		};
		7BCE970A1469751600135C63 /* Release */ = {
			isa = XCBuildConfiguration;
			buildSettings = {
				GCC_PRECOMPILE_PREFIX_HEADER = YES;
				GCC_PREFIX_HEADER = "Demo/Demo-Prefix.pch";
				INFOPLIST_FILE = "Demo/Demo-Info.plist";
				PRODUCT_NAME = "$(TARGET_NAME)";
				RUN_CLANG_STATIC_ANALYZER = YES;
				WARNING_CFLAGS = (
					"-Wall",
					"-Wextra",
					"-Wno-unused-parameter",
				);
				WRAPPER_EXTENSION = app;
			};
			name = Release;
		};
/* End XCBuildConfiguration section */

/* Begin XCConfigurationList section */
		7BCE96E41469751600135C63 /* Build configuration list for PBXProject "Demo" */ = {
			isa = XCConfigurationList;
			buildConfigurations = (
				7BCE97061469751600135C63 /* Debug */,
				7BCE97071469751600135C63 /* Release */,
			);
			defaultConfigurationIsVisible = 0;
			defaultConfigurationName = Release;
		};
		7BCE97081469751600135C63 /* Build configuration list for PBXNativeTarget "Demo" */ = {
			isa = XCConfigurationList;
			buildConfigurations = (
				7BCE97091469751600135C63 /* Debug */,
				7BCE970A1469751600135C63 /* Release */,
			);
			defaultConfigurationIsVisible = 0;
			defaultConfigurationName = Release;
		};
/* End XCConfigurationList section */
	};
	rootObject = 7BCE96E11469751600135C63 /* Project object */;
}
